
Microsoft Visual Studio Solution File, Format Version 12.00
# Visual Studio Version 17
VisualStudioVersion = 17.2.32630.192
MinimumVisualStudioVersion = 10.0.40219.1
Project("{FAE04EC0-301F-11D3-BF4B-00C04F79EFBC}") = "hastanele.core", "hastanele.core\hastanele.core.csproj", "{B20A079D-6C36-4273-95DB-5A790E71167F}"
EndProject
Global
	GlobalSection(SolutionConfigurationPlatforms) = preSolution
		Debug|Any CPU = Debug|Any CPU
		Release|Any CPU = Release|Any CPU
	EndGlobalSection
	GlobalSection(ProjectConfigurationPlatforms) = postSolution
		{B20A079D-6C36-4273-95DB-5A790E71167F}.Debug|Any CPU.ActiveCfg = Debug|Any CPU
		{B20A079D-6C36-4273-95DB-5A790E71167F}.Debug|Any CPU.Build.0 = Debug|Any CPU
		{B20A079D-6C36-4273-95DB-5A790E71167F}.Release|Any CPU.ActiveCfg = Release|Any CPU
		{B20A079D-6C36-4273-95DB-5A790E71167F}.Release|Any CPU.Build.0 = Release|Any CPU
	EndGlobalSection
	GlobalSection(SolutionProperties) = preSolution
		HideSolutionNode = FALSE
	EndGlobalSection
	GlobalSection(ExtensibilityGlobals) = postSolution
		SolutionGuid = {24FE9144-EA32-49C2-8F02-348F30418147}
	EndGlobalSection
EndGlobal
